# THIS IS AN AUTOGENERATED FILE. DO NOT EDIT THIS FILE DIRECTLY.
# yarn lockfile v1


"js-tokens@^3.0.0 || ^4.0.0":
  version "4.0.0"
  resolved "https://registry.yarnpkg.com/js-tokens/-/js-tokens-4.0.0.tgz#19203fb59991df98e3a287050d4647cdeaf32499"
  integrity sha512-RdJUflcE3cUzKiMqQgsCu06FPu9UdIJO0beYbPhHN4k6apgJtifcoCtT9bcxOpYBtpD2kCM6Sbzg4CausW/PKQ==

loose-envify@^1.1.0:
  version "1.4.0"
  resolved "https://registry.yarnpkg.com/loose-envify/-/loose-envify-1.4.0.tgz#71ee51fa7be4caec1a63839f7e682d8132d30caf"
  integrity sha512-lyuxPGr/Wfhrlem2CL/UcnUc1zcqKAImBDzukY7Y5F/yQiNdko6+fRLevlw1HgMySw7f611UIY408EtxRSoK3Q==
  dependencies:
    js-tokens "^3.0.0 || ^4.0.0"

object-assign@^4.1.1:
  version "4.1.1"
  resolved "https://registry.yarnpkg.com/object-assign/-/object-assign-4.1.1.tgz#2109adc7965887cfc05cbbd442cac8bfbb360863"
  integrity sha1-IQmtx5ZYh8/AXLvUQsrIv7s2CGM=

react-dom@^18.0.0-rc.0:
  version "18.0.0-rc.0"
  resolved "https://registry.yarnpkg.com/react-dom/-/react-dom-18.0.0-rc.0.tgz#aa07044bdd6399ff94c664b2985e2e25948fbf3e"
  integrity sha512-tdD1n0svTndHBQvVAq/f2Kx7FgQ30CpSLp87/neQKAHPW5WtdgW1sBSwmFAcMQOrmstTuP0M+zRlH86f9kMX/A==
  dependencies:
    loose-envify "^1.1.0"
    object-assign "^4.1.1"
    scheduler "^0.21.0-rc.0"

react@^18.0.0-rc.0:
  version "18.0.0-rc.0"
  resolved "https://registry.yarnpkg.com/react/-/react-18.0.0-rc.0.tgz#60bfcf1edd0b35fbeeeca852515c6cc2ce06a6eb"
  integrity sha512-PawosMBgF8k5Nlc3++ibzjFqPvo1XKv80MNtVYqz3abHHB2w3IpU65sSdSmBd2ooCwVhcp9b1vkx/twqhakNtA==
  dependencies:
    loose-envify "^1.1.0"
    object-assign "^4.1.1"

scheduler@^0.21.0-rc.0:
  version "0.21.0-rc.0-next-fe905f152-20220107"
  resolved "https://registry.yarnpkg.com/scheduler/-/scheduler-0.21.0-rc.0-next-fe905f152-20220107.tgz#410f6df2f39d5543b00f98fbad7de6c9b374df89"
  integrity sha512-+sY0WajWdMjoxbmHM8P6P1FKGw8sSVKKG/HthqTFQFPxVGbKLmV1BiFPaVF9gOyQWqmnLYSXJMN+4Bs5ZygsTw==
  dependencies:
    loose-envify "^1.1.0"
    object-assign "^4.1.1"
